
Microsoft Visual Studio Solution File, Format Version 12.00
# Visual Studio Version 16
VisualStudioVersion = 16.0.31005.135
MinimumVisualStudioVersion = 10.0.40219.1
Project("{FAE04EC0-301F-11D3-BF4B-00C04F79EFBC}") = "Downloader", "Downloader\Downloader.csproj", "{BFD07515-784F-41CD-B051-CB63052B70DC}"
EndProject
Global
	GlobalSection(SolutionConfigurationPlatforms) = preSolution
		Debug|Any CPU = Debug|Any CPU
		Release|Any CPU = Release|Any CPU
	EndGlobalSection
	GlobalSection(ProjectConfigurationPlatforms) = postSolution
		{BFD07515-784F-41CD-B051-CB63052B70DC}.Debug|Any CPU.ActiveCfg = Debug|Any CPU
		{BFD07515-784F-41CD-B051-CB63052B70DC}.Debug|Any CPU.Build.0 = Debug|Any CPU
		{BFD07515-784F-41CD-B051-CB63052B70DC}.Release|Any CPU.ActiveCfg = Release|Any CPU
		{BFD07515-784F-41CD-B051-CB63052B70DC}.Release|Any CPU.Build.0 = Release|Any CPU
	EndGlobalSection
	GlobalSection(SolutionProperties) = preSolution
		HideSolutionNode = FALSE
	EndGlobalSection
	GlobalSection(ExtensibilityGlobals) = postSolution
		SolutionGuid = {99B3E37F-9993-4FC4-AEE3-AF5C60A450B2}
	EndGlobalSection
EndGlobal
